// !$*UTF8*$!
{
	archiveVersion = 1;
	classes = {
	};
	objectVersion = 46;
	objects = {

/* Begin PBXBuildFile section */
		604A0BA517FBCF0800FCAFDC /* IpEndpointName.cpp in Sources */ = {isa = PBXBuildFile; fileRef = 604A0B7F17FBCF0800FCAFDC /* IpEndpointName.cpp */; };
		604A0BA617FBCF0800FCAFDC /* NetworkingUtils.cpp in Sources */ = {isa = PBXBuildFile; fileRef = 604A0B8417FBCF0800FCAFDC /* NetworkingUtils.cpp */; };
		604A0BA717FBCF0800FCAFDC /* UdpSocket.cpp in Sources */ = {isa = PBXBuildFile; fileRef = 604A0B8517FBCF0800FCAFDC /* UdpSocket.cpp */; };
		604A0BA817FBCF0800FCAFDC /* NetworkingUtilsWin.cpp in Sources */ = {isa = PBXBuildFile; fileRef = 604A0B8917FBCF0800FCAFDC /* NetworkingUtilsWin.cpp */; };
		604A0BA917FBCF0800FCAFDC /* UdpSocketWin.cpp in Sources */ = {isa = PBXBuildFile; fileRef = 604A0B8A17FBCF0800FCAFDC /* UdpSocketWin.cpp */; };
		604A0BAA17FBCF0800FCAFDC /* OscOutboundPacketStream.cpp in Sources */ = {isa = PBXBuildFile; fileRef = 604A0B8F17FBCF0800FCAFDC /* OscOutboundPacketStream.cpp */; };
		604A0BAB17FBCF0800FCAFDC /* OscPrintReceivedElements.cpp in Sources */ = {isa = PBXBuildFile; fileRef = 604A0B9217FBCF0800FCAFDC /* OscPrintReceivedElements.cpp */; };
		604A0BAC17FBCF0800FCAFDC /* OscReceivedElements.cpp in Sources */ = {isa = PBXBuildFile; fileRef = 604A0B9417FBCF0800FCAFDC /* OscReceivedElements.cpp */; };
		604A0BAD17FBCF0800FCAFDC /* OscTypes.cpp in Sources */ = {isa = PBXBuildFile; fileRef = 604A0B9617FBCF0800FCAFDC /* OscTypes.cpp */; };
		604A0BAE17FBCF0800FCAFDC /* ofxOscBundle.cpp in Sources */ = {isa = PBXBuildFile; fileRef = 604A0B9B17FBCF0800FCAFDC /* ofxOscBundle.cpp */; };
		604A0BAF17FBCF0800FCAFDC /* ofxOscMessage.cpp in Sources */ = {isa = PBXBuildFile; fileRef = 604A0B9D17FBCF0800FCAFDC /* ofxOscMessage.cpp */; };
		604A0BB017FBCF0800FCAFDC /* ofxOscParameterSync.cpp in Sources */ = {isa = PBXBuildFile; fileRef = 604A0B9F17FBCF0800FCAFDC /* ofxOscParameterSync.cpp */; };
		604A0BB117FBCF0800FCAFDC /* ofxOscReceiver.cpp in Sources */ = {isa = PBXBuildFile; fileRef = 604A0BA117FBCF0800FCAFDC /* ofxOscReceiver.cpp */; };
		604A0BB217FBCF0800FCAFDC /* ofxOscSender.cpp in Sources */ = {isa = PBXBuildFile; fileRef = 604A0BA317FBCF0800FCAFDC /* ofxOscSender.cpp */; };
		60E0A53117F312120024FBB4 /* sqlite3.c in Sources */ = {isa = PBXBuildFile; fileRef = 60E0A52817F312120024FBB4 /* sqlite3.c */; };
		60E0A55417F381760024FBB4 /* ofxMSATimer.cpp in Sources */ = {isa = PBXBuildFile; fileRef = 60E0A54F17F381760024FBB4 /* ofxMSATimer.cpp */; };
		60E0A5B617F4A71A0024FBB4 /* ofxInteractivePrimitives.cpp in Sources */ = {isa = PBXBuildFile; fileRef = 60E0A5A317F4A71A0024FBB4 /* ofxInteractivePrimitives.cpp */; };
		60E0A5B817F4A71A0024FBB4 /* ofxIPPatcher.cpp in Sources */ = {isa = PBXBuildFile; fileRef = 60E0A5AC17F4A71A0024FBB4 /* ofxIPPatcher.cpp */; };
		60E0A5CA17F4F80A0024FBB4 /* AppDelegate.mm in Sources */ = {isa = PBXBuildFile; fileRef = 60E0A5C517F4F80A0024FBB4 /* AppDelegate.mm */; };
		60E0A5CB17F4F80A0024FBB4 /* main.m in Sources */ = {isa = PBXBuildFile; fileRef = 60E0A5C617F4F80A0024FBB4 /* main.m */; };
		60E0A63017F4F85F0024FBB4 /* ofxCocoaGLView.mm in Sources */ = {isa = PBXBuildFile; fileRef = 60E0A61F17F4F85F0024FBB4 /* ofxCocoaGLView.mm */; };
		60E0A64117F4F9070024FBB4 /* MainMenu.xib in Resources */ = {isa = PBXBuildFile; fileRef = 60E0A5C717F4F80A0024FBB4 /* MainMenu.xib */; };
		60E0A64817F502850024FBB4 /* eject.png in Resources */ = {isa = PBXBuildFile; fileRef = 60E0A64317F502850024FBB4 /* eject.png */; };
		60E0A64917F502850024FBB4 /* play.png in Resources */ = {isa = PBXBuildFile; fileRef = 60E0A64417F502850024FBB4 /* play.png */; };
		60E0A64A17F502850024FBB4 /* rec.png in Resources */ = {isa = PBXBuildFile; fileRef = 60E0A64517F502850024FBB4 /* rec.png */; };
		60E0A64B17F502850024FBB4 /* save.png in Resources */ = {isa = PBXBuildFile; fileRef = 60E0A64617F502850024FBB4 /* save.png */; };
		60E0A64C17F502850024FBB4 /* stop.png in Resources */ = {isa = PBXBuildFile; fileRef = 60E0A64717F502850024FBB4 /* stop.png */; };
		60E0A64E17F508800024FBB4 /* settings.png in Resources */ = {isa = PBXBuildFile; fileRef = 60E0A64D17F508800024FBB4 /* settings.png */; };
		BBAB23CB13894F3D00AA2426 /* GLUT.framework in CopyFiles */ = {isa = PBXBuildFile; fileRef = BBAB23BE13894E4700AA2426 /* GLUT.framework */; };
		E4328149138ABC9F0047C5CB /* openFrameworksDebug.a in Frameworks */ = {isa = PBXBuildFile; fileRef = E4328148138ABC890047C5CB /* openFrameworksDebug.a */; };
		E45BE97B0E8CC7DD009D7055 /* AGL.framework in Frameworks */ = {isa = PBXBuildFile; fileRef = E45BE9710E8CC7DD009D7055 /* AGL.framework */; };
		E45BE97C0E8CC7DD009D7055 /* ApplicationServices.framework in Frameworks */ = {isa = PBXBuildFile; fileRef = E45BE9720E8CC7DD009D7055 /* ApplicationServices.framework */; };
		E45BE97D0E8CC7DD009D7055 /* AudioToolbox.framework in Frameworks */ = {isa = PBXBuildFile; fileRef = E45BE9730E8CC7DD009D7055 /* AudioToolbox.framework */; };
		E45BE97E0E8CC7DD009D7055 /* Carbon.framework in Frameworks */ = {isa = PBXBuildFile; fileRef = E45BE9740E8CC7DD009D7055 /* Carbon.framework */; };
		E45BE97F0E8CC7DD009D7055 /* CoreAudio.framework in Frameworks */ = {isa = PBXBuildFile; fileRef = E45BE9750E8CC7DD009D7055 /* CoreAudio.framework */; };
		E45BE9800E8CC7DD009D7055 /* CoreFoundation.framework in Frameworks */ = {isa = PBXBuildFile; fileRef = E45BE9760E8CC7DD009D7055 /* CoreFoundation.framework */; };
		E45BE9810E8CC7DD009D7055 /* CoreServices.framework in Frameworks */ = {isa = PBXBuildFile; fileRef = E45BE9770E8CC7DD009D7055 /* CoreServices.framework */; };
		E45BE9830E8CC7DD009D7055 /* OpenGL.framework in Frameworks */ = {isa = PBXBuildFile; fileRef = E45BE9790E8CC7DD009D7055 /* OpenGL.framework */; };
		E45BE9840E8CC7DD009D7055 /* QuickTime.framework in Frameworks */ = {isa = PBXBuildFile; fileRef = E45BE97A0E8CC7DD009D7055 /* QuickTime.framework */; };
		E4C2424710CC5A17004149E2 /* AppKit.framework in Frameworks */ = {isa = PBXBuildFile; fileRef = E4C2424410CC5A17004149E2 /* AppKit.framework */; };
		E4C2424810CC5A17004149E2 /* Cocoa.framework in Frameworks */ = {isa = PBXBuildFile; fileRef = E4C2424510CC5A17004149E2 /* Cocoa.framework */; };
		E4C2424910CC5A17004149E2 /* IOKit.framework in Frameworks */ = {isa = PBXBuildFile; fileRef = E4C2424610CC5A17004149E2 /* IOKit.framework */; };
		E4EB6799138ADC1D00A09F29 /* GLUT.framework in Frameworks */ = {isa = PBXBuildFile; fileRef = BBAB23BE13894E4700AA2426 /* GLUT.framework */; };
		E7E077E515D3B63C0020DFD4 /* CoreVideo.framework in Frameworks */ = {isa = PBXBuildFile; fileRef = E7E077E415D3B63C0020DFD4 /* CoreVideo.framework */; };
		E7E077E815D3B6510020DFD4 /* QTKit.framework in Frameworks */ = {isa = PBXBuildFile; fileRef = E7E077E715D3B6510020DFD4 /* QTKit.framework */; };
		E7F985F815E0DEA3003869B5 /* Accelerate.framework in Frameworks */ = {isa = PBXBuildFile; fileRef = E7F985F515E0DE99003869B5 /* Accelerate.framework */; };
/* End PBXBuildFile section */

/* Begin PBXContainerItemProxy section */
		E4328147138ABC890047C5CB /* PBXContainerItemProxy */ = {
			isa = PBXContainerItemProxy;
			containerPortal = E4328143138ABC890047C5CB /* openFrameworksLib.xcodeproj */;
			proxyType = 2;
			remoteGlobalIDString = E4B27C1510CBEB8E00536013;
			remoteInfo = openFrameworks;
		};
		E4EEB9AB138B136A00A80321 /* PBXContainerItemProxy */ = {
			isa = PBXContainerItemProxy;
			containerPortal = E4328143138ABC890047C5CB /* openFrameworksLib.xcodeproj */;
			proxyType = 1;
			remoteGlobalIDString = E4B27C1410CBEB8E00536013;
			remoteInfo = openFrameworks;
		};
/* End PBXContainerItemProxy section */

/* Begin PBXCopyFilesBuildPhase section */
		E4C2427710CC5ABF004149E2 /* CopyFiles */ = {
			isa = PBXCopyFilesBuildPhase;
			buildActionMask = 2147483647;
			dstPath = "";
			dstSubfolderSpec = 10;
			files = (
				BBAB23CB13894F3D00AA2426 /* GLUT.framework in CopyFiles */,
			);
			runOnlyForDeploymentPostprocessing = 0;
		};
/* End PBXCopyFilesBuildPhase section */

/* Begin PBXFileReference section */
		604A0B7F17FBCF0800FCAFDC /* IpEndpointName.cpp */ = {isa = PBXFileReference; fileEncoding = 4; lastKnownFileType = sourcecode.cpp.cpp; path = IpEndpointName.cpp; sourceTree = "<group>"; };
		604A0B8017FBCF0800FCAFDC /* IpEndpointName.h */ = {isa = PBXFileReference; fileEncoding = 4; lastKnownFileType = sourcecode.c.h; path = IpEndpointName.h; sourceTree = "<group>"; };
		604A0B8117FBCF0800FCAFDC /* NetworkingUtils.h */ = {isa = PBXFileReference; fileEncoding = 4; lastKnownFileType = sourcecode.c.h; path = NetworkingUtils.h; sourceTree = "<group>"; };
		604A0B8217FBCF0800FCAFDC /* PacketListener.h */ = {isa = PBXFileReference; fileEncoding = 4; lastKnownFileType = sourcecode.c.h; path = PacketListener.h; sourceTree = "<group>"; };
		604A0B8417FBCF0800FCAFDC /* NetworkingUtils.cpp */ = {isa = PBXFileReference; fileEncoding = 4; lastKnownFileType = sourcecode.cpp.cpp; path = NetworkingUtils.cpp; sourceTree = "<group>"; };
		604A0B8517FBCF0800FCAFDC /* UdpSocket.cpp */ = {isa = PBXFileReference; fileEncoding = 4; lastKnownFileType = sourcecode.cpp.cpp; path = UdpSocket.cpp; sourceTree = "<group>"; };
		604A0B8617FBCF0800FCAFDC /* TimerListener.h */ = {isa = PBXFileReference; fileEncoding = 4; lastKnownFileType = sourcecode.c.h; path = TimerListener.h; sourceTree = "<group>"; };
		604A0B8717FBCF0800FCAFDC /* UdpSocket.h */ = {isa = PBXFileReference; fileEncoding = 4; lastKnownFileType = sourcecode.c.h; path = UdpSocket.h; sourceTree = "<group>"; };
		604A0B8917FBCF0800FCAFDC /* NetworkingUtilsWin.cpp */ = {isa = PBXFileReference; fileEncoding = 4; lastKnownFileType = sourcecode.cpp.cpp; path = NetworkingUtilsWin.cpp; sourceTree = "<group>"; };
		604A0B8A17FBCF0800FCAFDC /* UdpSocketWin.cpp */ = {isa = PBXFileReference; fileEncoding = 4; lastKnownFileType = sourcecode.cpp.cpp; path = UdpSocketWin.cpp; sourceTree = "<group>"; };
		604A0B8C17FBCF0800FCAFDC /* MessageMappingOscPacketListener.h */ = {isa = PBXFileReference; fileEncoding = 4; lastKnownFileType = sourcecode.c.h; path = MessageMappingOscPacketListener.h; sourceTree = "<group>"; };
		604A0B8D17FBCF0800FCAFDC /* OscException.h */ = {isa = PBXFileReference; fileEncoding = 4; lastKnownFileType = sourcecode.c.h; path = OscException.h; sourceTree = "<group>"; };
		604A0B8E17FBCF0800FCAFDC /* OscHostEndianness.h */ = {isa = PBXFileReference; fileEncoding = 4; lastKnownFileType = sourcecode.c.h; path = OscHostEndianness.h; sourceTree = "<group>"; };
		604A0B8F17FBCF0800FCAFDC /* OscOutboundPacketStream.cpp */ = {isa = PBXFileReference; fileEncoding = 4; lastKnownFileType = sourcecode.cpp.cpp; path = OscOutboundPacketStream.cpp; sourceTree = "<group>"; };
		604A0B9017FBCF0800FCAFDC /* OscOutboundPacketStream.h */ = {isa = PBXFileReference; fileEncoding = 4; lastKnownFileType = sourcecode.c.h; path = OscOutboundPacketStream.h; sourceTree = "<group>"; };
		604A0B9117FBCF0800FCAFDC /* OscPacketListener.h */ = {isa = PBXFileReference; fileEncoding = 4; lastKnownFileType = sourcecode.c.h; path = OscPacketListener.h; sourceTree = "<group>"; };
		604A0B9217FBCF0800FCAFDC /* OscPrintReceivedElements.cpp */ = {isa = PBXFileReference; fileEncoding = 4; lastKnownFileType = sourcecode.cpp.cpp; path = OscPrintReceivedElements.cpp; sourceTree = "<group>"; };
		604A0B9317FBCF0800FCAFDC /* OscPrintReceivedElements.h */ = {isa = PBXFileReference; fileEncoding = 4; lastKnownFileType = sourcecode.c.h; path = OscPrintReceivedElements.h; sourceTree = "<group>"; };
		604A0B9417FBCF0800FCAFDC /* OscReceivedElements.cpp */ = {isa = PBXFileReference; fileEncoding = 4; lastKnownFileType = sourcecode.cpp.cpp; path = OscReceivedElements.cpp; sourceTree = "<group>"; };
		604A0B9517FBCF0800FCAFDC /* OscReceivedElements.h */ = {isa = PBXFileReference; fileEncoding = 4; lastKnownFileType = sourcecode.c.h; path = OscReceivedElements.h; sourceTree = "<group>"; };
		604A0B9617FBCF0800FCAFDC /* OscTypes.cpp */ = {isa = PBXFileReference; fileEncoding = 4; lastKnownFileType = sourcecode.cpp.cpp; path = OscTypes.cpp; sourceTree = "<group>"; };
		604A0B9717FBCF0800FCAFDC /* OscTypes.h */ = {isa = PBXFileReference; fileEncoding = 4; lastKnownFileType = sourcecode.c.h; path = OscTypes.h; sourceTree = "<group>"; };
		604A0B9917FBCF0800FCAFDC /* ofxOsc.h */ = {isa = PBXFileReference; fileEncoding = 4; lastKnownFileType = sourcecode.c.h; path = ofxOsc.h; sourceTree = "<group>"; };
		604A0B9A17FBCF0800FCAFDC /* ofxOscArg.h */ = {isa = PBXFileReference; fileEncoding = 4; lastKnownFileType = sourcecode.c.h; path = ofxOscArg.h; sourceTree = "<group>"; };
		604A0B9B17FBCF0800FCAFDC /* ofxOscBundle.cpp */ = {isa = PBXFileReference; fileEncoding = 4; lastKnownFileType = sourcecode.cpp.cpp; path = ofxOscBundle.cpp; sourceTree = "<group>"; };
		604A0B9C17FBCF0800FCAFDC /* ofxOscBundle.h */ = {isa = PBXFileReference; fileEncoding = 4; lastKnownFileType = sourcecode.c.h; path = ofxOscBundle.h; sourceTree = "<group>"; };
		604A0B9D17FBCF0800FCAFDC /* ofxOscMessage.cpp */ = {isa = PBXFileReference; fileEncoding = 4; lastKnownFileType = sourcecode.cpp.cpp; path = ofxOscMessage.cpp; sourceTree = "<group>"; };
		604A0B9E17FBCF0800FCAFDC /* ofxOscMessage.h */ = {isa = PBXFileReference; fileEncoding = 4; lastKnownFileType = sourcecode.c.h; path = ofxOscMessage.h; sourceTree = "<group>"; };
		604A0B9F17FBCF0800FCAFDC /* ofxOscParameterSync.cpp */ = {isa = PBXFileReference; fileEncoding = 4; lastKnownFileType = sourcecode.cpp.cpp; path = ofxOscParameterSync.cpp; sourceTree = "<group>"; };
		604A0BA017FBCF0800FCAFDC /* ofxOscParameterSync.h */ = {isa = PBXFileReference; fileEncoding = 4; lastKnownFileType = sourcecode.c.h; path = ofxOscParameterSync.h; sourceTree = "<group>"; };
		604A0BA117FBCF0800FCAFDC /* ofxOscReceiver.cpp */ = {isa = PBXFileReference; fileEncoding = 4; lastKnownFileType = sourcecode.cpp.cpp; path = ofxOscReceiver.cpp; sourceTree = "<group>"; };
		604A0BA217FBCF0800FCAFDC /* ofxOscReceiver.h */ = {isa = PBXFileReference; fileEncoding = 4; lastKnownFileType = sourcecode.c.h; path = ofxOscReceiver.h; sourceTree = "<group>"; };
		604A0BA317FBCF0800FCAFDC /* ofxOscSender.cpp */ = {isa = PBXFileReference; fileEncoding = 4; lastKnownFileType = sourcecode.cpp.cpp; path = ofxOscSender.cpp; sourceTree = "<group>"; };
		604A0BA417FBCF0800FCAFDC /* ofxOscSender.h */ = {isa = PBXFileReference; fileEncoding = 4; lastKnownFileType = sourcecode.c.h; path = ofxOscSender.h; sourceTree = "<group>"; };
		60E0A52417F312120024FBB4 /* .gitignore */ = {isa = PBXFileReference; fileEncoding = 4; lastKnownFileType = text; path = .gitignore; sourceTree = "<group>"; };
		60E0A52517F312120024FBB4 /* miniosc.h */ = {isa = PBXFileReference; fileEncoding = 4; lastKnownFileType = sourcecode.c.h; path = miniosc.h; sourceTree = "<group>"; };
		60E0A52817F312120024FBB4 /* sqlite3.c */ = {isa = PBXFileReference; fileEncoding = 4; lastKnownFileType = sourcecode.c.c; path = sqlite3.c; sourceTree = "<group>"; };
		60E0A52917F312120024FBB4 /* sqlite3.h */ = {isa = PBXFileReference; fileEncoding = 4; lastKnownFileType = sourcecode.c.h; path = sqlite3.h; sourceTree = "<group>"; };
		60E0A52A17F312120024FBB4 /* sqlite3ext.h */ = {isa = PBXFileReference; fileEncoding = 4; lastKnownFileType = sourcecode.c.h; path = sqlite3ext.h; sourceTree = "<group>"; };
		60E0A53417F31DBE0024FBB4 /* ReceiveThread.h */ = {isa = PBXFileReference; fileEncoding = 4; lastKnownFileType = sourcecode.c.h; path = ReceiveThread.h; sourceTree = "<group>"; };
		60E0A53517F327FE0024FBB4 /* SessionWriter.h */ = {isa = PBXFileReference; fileEncoding = 4; lastKnownFileType = sourcecode.c.h; path = SessionWriter.h; sourceTree = "<group>"; };
		60E0A53617F32E2D0024FBB4 /* SessionReader.h */ = {isa = PBXFileReference; fileEncoding = 4; lastKnownFileType = sourcecode.c.h; path = SessionReader.h; sourceTree = "<group>"; };
		60E0A53717F37CC00024FBB4 /* StreamRecorder.h */ = {isa = PBXFileReference; fileEncoding = 4; lastKnownFileType = sourcecode.c.h; path = StreamRecorder.h; sourceTree = "<group>"; };
		60E0A54F17F381760024FBB4 /* ofxMSATimer.cpp */ = {isa = PBXFileReference; fileEncoding = 4; lastKnownFileType = sourcecode.cpp.cpp; path = ofxMSATimer.cpp; sourceTree = "<group>"; };
		60E0A55017F381760024FBB4 /* ofxMSATimer.h */ = {isa = PBXFileReference; fileEncoding = 4; lastKnownFileType = sourcecode.c.h; path = ofxMSATimer.h; sourceTree = "<group>"; };
		60E0A55817F395B90024FBB4 /* StreamPlayer.h */ = {isa = PBXFileReference; fileEncoding = 4; lastKnownFileType = sourcecode.c.h; path = StreamPlayer.h; sourceTree = "<group>"; };
		60E0A5A317F4A71A0024FBB4 /* ofxInteractivePrimitives.cpp */ = {isa = PBXFileReference; fileEncoding = 4; lastKnownFileType = sourcecode.cpp.cpp; path = ofxInteractivePrimitives.cpp; sourceTree = "<group>"; };
		60E0A5A417F4A71A0024FBB4 /* ofxInteractivePrimitives.h */ = {isa = PBXFileReference; fileEncoding = 4; lastKnownFileType = sourcecode.c.h; path = ofxInteractivePrimitives.h; sourceTree = "<group>"; };
		60E0A5A917F4A71A0024FBB4 /* ofxIPBaseElement.h */ = {isa = PBXFileReference; fileEncoding = 4; lastKnownFileType = sourcecode.c.h; path = ofxIPBaseElement.h; sourceTree = "<group>"; };
		60E0A5AA17F4A71A0024FBB4 /* ofxIPButton.h */ = {isa = PBXFileReference; fileEncoding = 4; lastKnownFileType = sourcecode.c.h; path = ofxIPButton.h; sourceTree = "<group>"; };
		60E0A5AB17F4A71A0024FBB4 /* ofxIPMarker.h */ = {isa = PBXFileReference; fileEncoding = 4; lastKnownFileType = sourcecode.c.h; path = ofxIPMarker.h; sourceTree = "<group>"; };
		60E0A5AC17F4A71A0024FBB4 /* ofxIPPatcher.cpp */ = {isa = PBXFileReference; fileEncoding = 4; lastKnownFileType = sourcecode.cpp.cpp; path = ofxIPPatcher.cpp; sourceTree = "<group>"; };
		60E0A5AD17F4A71A0024FBB4 /* ofxIPPatcher.h */ = {isa = PBXFileReference; fileEncoding = 4; lastKnownFileType = sourcecode.c.h; path = ofxIPPatcher.h; sourceTree = "<group>"; };
		60E0A5AE17F4A71A0024FBB4 /* ofxIPSlider.h */ = {isa = PBXFileReference; fileEncoding = 4; lastKnownFileType = sourcecode.c.h; path = ofxIPSlider.h; sourceTree = "<group>"; };
		60E0A5AF17F4A71A0024FBB4 /* ofxIPStringBox.h */ = {isa = PBXFileReference; fileEncoding = 4; lastKnownFileType = sourcecode.c.h; path = ofxIPStringBox.h; sourceTree = "<group>"; };
		60E0A5C417F4F80A0024FBB4 /* AppDelegate.h */ = {isa = PBXFileReference; fileEncoding = 4; lastKnownFileType = sourcecode.c.h; path = AppDelegate.h; sourceTree = "<group>"; };
		60E0A5C517F4F80A0024FBB4 /* AppDelegate.mm */ = {isa = PBXFileReference; fileEncoding = 4; lastKnownFileType = sourcecode.cpp.objcpp; path = AppDelegate.mm; sourceTree = "<group>"; };
		60E0A5C617F4F80A0024FBB4 /* main.m */ = {isa = PBXFileReference; fileEncoding = 4; lastKnownFileType = sourcecode.c.objc; path = main.m; sourceTree = "<group>"; };
		60E0A5C717F4F80A0024FBB4 /* MainMenu.xib */ = {isa = PBXFileReference; fileEncoding = 4; lastKnownFileType = file.xib; path = MainMenu.xib; sourceTree = "<group>"; };
		60E0A61E17F4F85F0024FBB4 /* ofxCocoaGLView.h */ = {isa = PBXFileReference; fileEncoding = 4; lastKnownFileType = sourcecode.c.h; path = ofxCocoaGLView.h; sourceTree = "<group>"; };
		60E0A61F17F4F85F0024FBB4 /* ofxCocoaGLView.mm */ = {isa = PBXFileReference; fileEncoding = 4; lastKnownFileType = sourcecode.cpp.objcpp; path = ofxCocoaGLView.mm; sourceTree = "<group>"; };
		60E0A64317F502850024FBB4 /* eject.png */ = {isa = PBXFileReference; lastKnownFileType = image.png; path = eject.png; sourceTree = "<group>"; };
		60E0A64417F502850024FBB4 /* play.png */ = {isa = PBXFileReference; lastKnownFileType = image.png; path = play.png; sourceTree = "<group>"; };
		60E0A64517F502850024FBB4 /* rec.png */ = {isa = PBXFileReference; lastKnownFileType = image.png; path = rec.png; sourceTree = "<group>"; };
		60E0A64617F502850024FBB4 /* save.png */ = {isa = PBXFileReference; lastKnownFileType = image.png; path = save.png; sourceTree = "<group>"; };
		60E0A64717F502850024FBB4 /* stop.png */ = {isa = PBXFileReference; lastKnownFileType = image.png; path = stop.png; sourceTree = "<group>"; };
		60E0A64D17F508800024FBB4 /* settings.png */ = {isa = PBXFileReference; lastKnownFileType = image.png; path = settings.png; sourceTree = "<group>"; };
		BBAB23BE13894E4700AA2426 /* GLUT.framework */ = {isa = PBXFileReference; lastKnownFileType = wrapper.framework; name = GLUT.framework; path = ../../../libs/glut/lib/osx/GLUT.framework; sourceTree = "<group>"; };
		E4328143138ABC890047C5CB /* openFrameworksLib.xcodeproj */ = {isa = PBXFileReference; lastKnownFileType = "wrapper.pb-project"; name = openFrameworksLib.xcodeproj; path = ../../../libs/openFrameworksCompiled/project/osx/openFrameworksLib.xcodeproj; sourceTree = SOURCE_ROOT; };
		E45BE9710E8CC7DD009D7055 /* AGL.framework */ = {isa = PBXFileReference; lastKnownFileType = wrapper.framework; name = AGL.framework; path = /System/Library/Frameworks/AGL.framework; sourceTree = "<absolute>"; };
		E45BE9720E8CC7DD009D7055 /* ApplicationServices.framework */ = {isa = PBXFileReference; lastKnownFileType = wrapper.framework; name = ApplicationServices.framework; path = /System/Library/Frameworks/ApplicationServices.framework; sourceTree = "<absolute>"; };
		E45BE9730E8CC7DD009D7055 /* AudioToolbox.framework */ = {isa = PBXFileReference; lastKnownFileType = wrapper.framework; name = AudioToolbox.framework; path = /System/Library/Frameworks/AudioToolbox.framework; sourceTree = "<absolute>"; };
		E45BE9740E8CC7DD009D7055 /* Carbon.framework */ = {isa = PBXFileReference; lastKnownFileType = wrapper.framework; name = Carbon.framework; path = /System/Library/Frameworks/Carbon.framework; sourceTree = "<absolute>"; };
		E45BE9750E8CC7DD009D7055 /* CoreAudio.framework */ = {isa = PBXFileReference; lastKnownFileType = wrapper.framework; name = CoreAudio.framework; path = /System/Library/Frameworks/CoreAudio.framework; sourceTree = "<absolute>"; };
		E45BE9760E8CC7DD009D7055 /* CoreFoundation.framework */ = {isa = PBXFileReference; lastKnownFileType = wrapper.framework; name = CoreFoundation.framework; path = /System/Library/Frameworks/CoreFoundation.framework; sourceTree = "<absolute>"; };
		E45BE9770E8CC7DD009D7055 /* CoreServices.framework */ = {isa = PBXFileReference; lastKnownFileType = wrapper.framework; name = CoreServices.framework; path = /System/Library/Frameworks/CoreServices.framework; sourceTree = "<absolute>"; };
		E45BE9790E8CC7DD009D7055 /* OpenGL.framework */ = {isa = PBXFileReference; lastKnownFileType = wrapper.framework; name = OpenGL.framework; path = /System/Library/Frameworks/OpenGL.framework; sourceTree = "<absolute>"; };
		E45BE97A0E8CC7DD009D7055 /* QuickTime.framework */ = {isa = PBXFileReference; lastKnownFileType = wrapper.framework; name = QuickTime.framework; path = /System/Library/Frameworks/QuickTime.framework; sourceTree = "<absolute>"; };
		E4B69B5B0A3A1756003C02F2 /* OSCrDebug.app */ = {isa = PBXFileReference; explicitFileType = wrapper.application; includeInIndex = 0; path = OSCrDebug.app; sourceTree = BUILT_PRODUCTS_DIR; };
		E4B6FCAD0C3E899E008CF71C /* openFrameworks-Info.plist */ = {isa = PBXFileReference; fileEncoding = 30; lastKnownFileType = text.plist.xml; path = "openFrameworks-Info.plist"; sourceTree = "<group>"; };
		E4C2424410CC5A17004149E2 /* AppKit.framework */ = {isa = PBXFileReference; lastKnownFileType = wrapper.framework; name = AppKit.framework; path = /System/Library/Frameworks/AppKit.framework; sourceTree = "<absolute>"; };
		E4C2424510CC5A17004149E2 /* Cocoa.framework */ = {isa = PBXFileReference; lastKnownFileType = wrapper.framework; name = Cocoa.framework; path = /System/Library/Frameworks/Cocoa.framework; sourceTree = "<absolute>"; };
		E4C2424610CC5A17004149E2 /* IOKit.framework */ = {isa = PBXFileReference; lastKnownFileType = wrapper.framework; name = IOKit.framework; path = /System/Library/Frameworks/IOKit.framework; sourceTree = "<absolute>"; };
		E4EB691F138AFCF100A09F29 /* CoreOF.xcconfig */ = {isa = PBXFileReference; fileEncoding = 4; lastKnownFileType = text.xcconfig; name = CoreOF.xcconfig; path = ../../../libs/openFrameworksCompiled/project/osx/CoreOF.xcconfig; sourceTree = SOURCE_ROOT; };
		E4EB6923138AFD0F00A09F29 /* Project.xcconfig */ = {isa = PBXFileReference; fileEncoding = 4; lastKnownFileType = text.xcconfig; path = Project.xcconfig; sourceTree = "<group>"; };
		E7E077E415D3B63C0020DFD4 /* CoreVideo.framework */ = {isa = PBXFileReference; lastKnownFileType = wrapper.framework; name = CoreVideo.framework; path = /System/Library/Frameworks/CoreVideo.framework; sourceTree = "<absolute>"; };
		E7E077E715D3B6510020DFD4 /* QTKit.framework */ = {isa = PBXFileReference; lastKnownFileType = wrapper.framework; name = QTKit.framework; path = /System/Library/Frameworks/QTKit.framework; sourceTree = "<absolute>"; };
		E7F985F515E0DE99003869B5 /* Accelerate.framework */ = {isa = PBXFileReference; lastKnownFileType = wrapper.framework; name = Accelerate.framework; path = /System/Library/Frameworks/Accelerate.framework; sourceTree = "<absolute>"; };
/* End PBXFileReference section */

/* Begin PBXFrameworksBuildPhase section */
		E4B69B590A3A1756003C02F2 /* Frameworks */ = {
			isa = PBXFrameworksBuildPhase;
			buildActionMask = 2147483647;
			files = (
				E7F985F815E0DEA3003869B5 /* Accelerate.framework in Frameworks */,
				E7E077E815D3B6510020DFD4 /* QTKit.framework in Frameworks */,
				E4EB6799138ADC1D00A09F29 /* GLUT.framework in Frameworks */,
				E4328149138ABC9F0047C5CB /* openFrameworksDebug.a in Frameworks */,
				E45BE97B0E8CC7DD009D7055 /* AGL.framework in Frameworks */,
				E45BE97C0E8CC7DD009D7055 /* ApplicationServices.framework in Frameworks */,
				E45BE97D0E8CC7DD009D7055 /* AudioToolbox.framework in Frameworks */,
				E45BE97E0E8CC7DD009D7055 /* Carbon.framework in Frameworks */,
				E45BE97F0E8CC7DD009D7055 /* CoreAudio.framework in Frameworks */,
				E45BE9800E8CC7DD009D7055 /* CoreFoundation.framework in Frameworks */,
				E45BE9810E8CC7DD009D7055 /* CoreServices.framework in Frameworks */,
				E45BE9830E8CC7DD009D7055 /* OpenGL.framework in Frameworks */,
				E45BE9840E8CC7DD009D7055 /* QuickTime.framework in Frameworks */,
				E4C2424710CC5A17004149E2 /* AppKit.framework in Frameworks */,
				E4C2424810CC5A17004149E2 /* Cocoa.framework in Frameworks */,
				E4C2424910CC5A17004149E2 /* IOKit.framework in Frameworks */,
				E7E077E515D3B63C0020DFD4 /* CoreVideo.framework in Frameworks */,
			);
			runOnlyForDeploymentPostprocessing = 0;
		};
/* End PBXFrameworksBuildPhase section */

/* Begin PBXGroup section */
		604A0B7A17FBCF0800FCAFDC /* ofxOsc */ = {
			isa = PBXGroup;
			children = (
				604A0B7B17FBCF0800FCAFDC /* libs */,
				604A0B9817FBCF0800FCAFDC /* src */,
			);
			name = ofxOsc;
			path = ../../../addons/ofxOsc;
			sourceTree = "<group>";
		};
		604A0B7B17FBCF0800FCAFDC /* libs */ = {
			isa = PBXGroup;
			children = (
				604A0B7C17FBCF0800FCAFDC /* oscpack */,
			);
			path = libs;
			sourceTree = "<group>";
		};
		604A0B7C17FBCF0800FCAFDC /* oscpack */ = {
			isa = PBXGroup;
			children = (
				604A0B7D17FBCF0800FCAFDC /* src */,
			);
			path = oscpack;
			sourceTree = "<group>";
		};
		604A0B7D17FBCF0800FCAFDC /* src */ = {
			isa = PBXGroup;
			children = (
				604A0B7E17FBCF0800FCAFDC /* ip */,
				604A0B8B17FBCF0800FCAFDC /* osc */,
			);
			path = src;
			sourceTree = "<group>";
		};
		604A0B7E17FBCF0800FCAFDC /* ip */ = {
			isa = PBXGroup;
			children = (
				604A0B7F17FBCF0800FCAFDC /* IpEndpointName.cpp */,
				604A0B8017FBCF0800FCAFDC /* IpEndpointName.h */,
				604A0B8117FBCF0800FCAFDC /* NetworkingUtils.h */,
				604A0B8217FBCF0800FCAFDC /* PacketListener.h */,
				604A0B8317FBCF0800FCAFDC /* posix */,
				604A0B8617FBCF0800FCAFDC /* TimerListener.h */,
				604A0B8717FBCF0800FCAFDC /* UdpSocket.h */,
				604A0B8817FBCF0800FCAFDC /* win32 */,
			);
			path = ip;
			sourceTree = "<group>";
		};
		604A0B8317FBCF0800FCAFDC /* posix */ = {
			isa = PBXGroup;
			children = (
				604A0B8417FBCF0800FCAFDC /* NetworkingUtils.cpp */,
				604A0B8517FBCF0800FCAFDC /* UdpSocket.cpp */,
			);
			path = posix;
			sourceTree = "<group>";
		};
		604A0B8817FBCF0800FCAFDC /* win32 */ = {
			isa = PBXGroup;
			children = (
				604A0B8917FBCF0800FCAFDC /* NetworkingUtilsWin.cpp */,
				604A0B8A17FBCF0800FCAFDC /* UdpSocketWin.cpp */,
			);
			path = win32;
			sourceTree = "<group>";
		};
		604A0B8B17FBCF0800FCAFDC /* osc */ = {
			isa = PBXGroup;
			children = (
				604A0B8C17FBCF0800FCAFDC /* MessageMappingOscPacketListener.h */,
				604A0B8D17FBCF0800FCAFDC /* OscException.h */,
				604A0B8E17FBCF0800FCAFDC /* OscHostEndianness.h */,
				604A0B8F17FBCF0800FCAFDC /* OscOutboundPacketStream.cpp */,
				604A0B9017FBCF0800FCAFDC /* OscOutboundPacketStream.h */,
				604A0B9117FBCF0800FCAFDC /* OscPacketListener.h */,
				604A0B9217FBCF0800FCAFDC /* OscPrintReceivedElements.cpp */,
				604A0B9317FBCF0800FCAFDC /* OscPrintReceivedElements.h */,
				604A0B9417FBCF0800FCAFDC /* OscReceivedElements.cpp */,
				604A0B9517FBCF0800FCAFDC /* OscReceivedElements.h */,
				604A0B9617FBCF0800FCAFDC /* OscTypes.cpp */,
				604A0B9717FBCF0800FCAFDC /* OscTypes.h */,
			);
			path = osc;
			sourceTree = "<group>";
		};
		604A0B9817FBCF0800FCAFDC /* src */ = {
			isa = PBXGroup;
			children = (
				604A0B9917FBCF0800FCAFDC /* ofxOsc.h */,
				604A0B9A17FBCF0800FCAFDC /* ofxOscArg.h */,
				604A0B9B17FBCF0800FCAFDC /* ofxOscBundle.cpp */,
				604A0B9C17FBCF0800FCAFDC /* ofxOscBundle.h */,
				604A0B9D17FBCF0800FCAFDC /* ofxOscMessage.cpp */,
				604A0B9E17FBCF0800FCAFDC /* ofxOscMessage.h */,
				604A0B9F17FBCF0800FCAFDC /* ofxOscParameterSync.cpp */,
				604A0BA017FBCF0800FCAFDC /* ofxOscParameterSync.h */,
				604A0BA117FBCF0800FCAFDC /* ofxOscReceiver.cpp */,
				604A0BA217FBCF0800FCAFDC /* ofxOscReceiver.h */,
				604A0BA317FBCF0800FCAFDC /* ofxOscSender.cpp */,
				604A0BA417FBCF0800FCAFDC /* ofxOscSender.h */,
			);
			path = src;
			sourceTree = "<group>";
		};
		60E0A52217F312120024FBB4 /* lib */ = {
			isa = PBXGroup;
			children = (
				60E0A52317F312120024FBB4 /* MiniOSC */,
				60E0A52617F312120024FBB4 /* sqlite3 */,
			);
			path = lib;
			sourceTree = "<group>";
		};
		60E0A52317F312120024FBB4 /* MiniOSC */ = {
			isa = PBXGroup;
			children = (
				60E0A52417F312120024FBB4 /* .gitignore */,
				60E0A52517F312120024FBB4 /* miniosc.h */,
			);
			path = MiniOSC;
			sourceTree = "<group>";
		};
		60E0A52617F312120024FBB4 /* sqlite3 */ = {
			isa = PBXGroup;
			children = (
				60E0A52717F312120024FBB4 /* src */,
			);
			path = sqlite3;
			sourceTree = "<group>";
		};
		60E0A52717F312120024FBB4 /* src */ = {
			isa = PBXGroup;
			children = (
				60E0A52817F312120024FBB4 /* sqlite3.c */,
				60E0A52917F312120024FBB4 /* sqlite3.h */,
				60E0A52A17F312120024FBB4 /* sqlite3ext.h */,
			);
			path = src;
			sourceTree = "<group>";
		};
		60E0A53817F381760024FBB4 /* ofxMSATimer */ = {
			isa = PBXGroup;
			children = (
				60E0A54E17F381760024FBB4 /* src */,
			);
			name = ofxMSATimer;
			path = addons/ofxMSATimer;
			sourceTree = "<group>";
		};
		60E0A54E17F381760024FBB4 /* src */ = {
			isa = PBXGroup;
			children = (
				60E0A54F17F381760024FBB4 /* ofxMSATimer.cpp */,
				60E0A55017F381760024FBB4 /* ofxMSATimer.h */,
			);
			path = src;
			sourceTree = "<group>";
		};
		60E0A56417F4A71A0024FBB4 /* ofxInteractivePrimitives */ = {
			isa = PBXGroup;
			children = (
				60E0A5A217F4A71A0024FBB4 /* src */,
			);
			name = ofxInteractivePrimitives;
			path = ../../../addons/ofxInteractivePrimitives;
			sourceTree = "<group>";
		};
		60E0A5A217F4A71A0024FBB4 /* src */ = {
			isa = PBXGroup;
			children = (
				60E0A5A317F4A71A0024FBB4 /* ofxInteractivePrimitives.cpp */,
				60E0A5A417F4A71A0024FBB4 /* ofxInteractivePrimitives.h */,
				60E0A5A817F4A71A0024FBB4 /* ui */,
			);
			path = src;
			sourceTree = "<group>";
		};
		60E0A5A817F4A71A0024FBB4 /* ui */ = {
			isa = PBXGroup;
			children = (
				60E0A5A917F4A71A0024FBB4 /* ofxIPBaseElement.h */,
				60E0A5AA17F4A71A0024FBB4 /* ofxIPButton.h */,
				60E0A5AB17F4A71A0024FBB4 /* ofxIPMarker.h */,
				60E0A5AC17F4A71A0024FBB4 /* ofxIPPatcher.cpp */,
				60E0A5AD17F4A71A0024FBB4 /* ofxIPPatcher.h */,
				60E0A5AE17F4A71A0024FBB4 /* ofxIPSlider.h */,
				60E0A5AF17F4A71A0024FBB4 /* ofxIPStringBox.h */,
			);
			path = ui;
			sourceTree = "<group>";
		};
		60E0A5CD17F4F85F0024FBB4 /* ofxCocoaGLView */ = {
			isa = PBXGroup;
			children = (
				60E0A61D17F4F85F0024FBB4 /* src */,
			);
			name = ofxCocoaGLView;
			path = addons/ofxCocoaGLView;
			sourceTree = "<group>";
		};
		60E0A61D17F4F85F0024FBB4 /* src */ = {
			isa = PBXGroup;
			children = (
				60E0A61E17F4F85F0024FBB4 /* ofxCocoaGLView.h */,
				60E0A61F17F4F85F0024FBB4 /* ofxCocoaGLView.mm */,
			);
			path = src;
			sourceTree = "<group>";
		};
		60E0A64217F502850024FBB4 /* imgs */ = {
			isa = PBXGroup;
			children = (
				60E0A64317F502850024FBB4 /* eject.png */,
				60E0A64417F502850024FBB4 /* play.png */,
				60E0A64517F502850024FBB4 /* rec.png */,
				60E0A64617F502850024FBB4 /* save.png */,
				60E0A64717F502850024FBB4 /* stop.png */,
				60E0A64D17F508800024FBB4 /* settings.png */,
			);
			path = imgs;
			sourceTree = "<group>";
		};
		BB4B014C10F69532006C3DED /* addons */ = {
			isa = PBXGroup;
			children = (
				604A0B7A17FBCF0800FCAFDC /* ofxOsc */,
				60E0A5CD17F4F85F0024FBB4 /* ofxCocoaGLView */,
				60E0A56417F4A71A0024FBB4 /* ofxInteractivePrimitives */,
				60E0A53817F381760024FBB4 /* ofxMSATimer */,
			);
			name = addons;
			sourceTree = "<group>";
		};
		BBAB23C913894ECA00AA2426 /* system frameworks */ = {
			isa = PBXGroup;
			children = (
				E7F985F515E0DE99003869B5 /* Accelerate.framework */,
				E4C2424410CC5A17004149E2 /* AppKit.framework */,
				E4C2424510CC5A17004149E2 /* Cocoa.framework */,
				E4C2424610CC5A17004149E2 /* IOKit.framework */,
				E45BE9710E8CC7DD009D7055 /* AGL.framework */,
				E45BE9720E8CC7DD009D7055 /* ApplicationServices.framework */,
				E45BE9730E8CC7DD009D7055 /* AudioToolbox.framework */,
				E45BE9740E8CC7DD009D7055 /* Carbon.framework */,
				E45BE9750E8CC7DD009D7055 /* CoreAudio.framework */,
				E45BE9760E8CC7DD009D7055 /* CoreFoundation.framework */,
				E45BE9770E8CC7DD009D7055 /* CoreServices.framework */,
				E45BE9790E8CC7DD009D7055 /* OpenGL.framework */,
				E45BE97A0E8CC7DD009D7055 /* QuickTime.framework */,
				E7E077E415D3B63C0020DFD4 /* CoreVideo.framework */,
				E7E077E715D3B6510020DFD4 /* QTKit.framework */,
			);
			name = "system frameworks";
			sourceTree = "<group>";
		};
		BBAB23CA13894EDB00AA2426 /* 3rd party frameworks */ = {
			isa = PBXGroup;
			children = (
				BBAB23BE13894E4700AA2426 /* GLUT.framework */,
			);
			name = "3rd party frameworks";
			sourceTree = "<group>";
		};
		E4328144138ABC890047C5CB /* Products */ = {
			isa = PBXGroup;
			children = (
				E4328148138ABC890047C5CB /* openFrameworksDebug.a */,
			);
			name = Products;
			sourceTree = "<group>";
		};
		E45BE5980E8CC70C009D7055 /* frameworks */ = {
			isa = PBXGroup;
			children = (
				BBAB23CA13894EDB00AA2426 /* 3rd party frameworks */,
				BBAB23C913894ECA00AA2426 /* system frameworks */,
			);
			name = frameworks;
			sourceTree = "<group>";
		};
		E4B69B4A0A3A1720003C02F2 = {
			isa = PBXGroup;
			children = (
				E4B6FCAD0C3E899E008CF71C /* openFrameworks-Info.plist */,
				E4EB6923138AFD0F00A09F29 /* Project.xcconfig */,
				60E0A64217F502850024FBB4 /* imgs */,
				60E0A52217F312120024FBB4 /* lib */,
				E4B69E1C0A3A1BDC003C02F2 /* src */,
				E4EEC9E9138DF44700A80321 /* openFrameworks */,
				BB4B014C10F69532006C3DED /* addons */,
				E45BE5980E8CC70C009D7055 /* frameworks */,
				E4B69B5B0A3A1756003C02F2 /* OSCrDebug.app */,
			);
			sourceTree = "<group>";
		};
		E4B69E1C0A3A1BDC003C02F2 /* src */ = {
			isa = PBXGroup;
			children = (
				60E0A5C417F4F80A0024FBB4 /* AppDelegate.h */,
				60E0A5C517F4F80A0024FBB4 /* AppDelegate.mm */,
				60E0A5C617F4F80A0024FBB4 /* main.m */,
				60E0A5C717F4F80A0024FBB4 /* MainMenu.xib */,
				60E0A53717F37CC00024FBB4 /* StreamRecorder.h */,
				60E0A55817F395B90024FBB4 /* StreamPlayer.h */,
				60E0A53617F32E2D0024FBB4 /* SessionReader.h */,
				60E0A53517F327FE0024FBB4 /* SessionWriter.h */,
				60E0A53417F31DBE0024FBB4 /* ReceiveThread.h */,
			);
			path = src;
			sourceTree = SOURCE_ROOT;
		};
		E4EEC9E9138DF44700A80321 /* openFrameworks */ = {
			isa = PBXGroup;
			children = (
				E4EB691F138AFCF100A09F29 /* CoreOF.xcconfig */,
				E4328143138ABC890047C5CB /* openFrameworksLib.xcodeproj */,
			);
			name = openFrameworks;
			sourceTree = "<group>";
		};
/* End PBXGroup section */

/* Begin PBXNativeTarget section */
		E4B69B5A0A3A1756003C02F2 /* OSCr */ = {
			isa = PBXNativeTarget;
			buildConfigurationList = E4B69B5F0A3A1757003C02F2 /* Build configuration list for PBXNativeTarget "OSCr" */;
			buildPhases = (
				E4B69B580A3A1756003C02F2 /* Sources */,
				E4B69B590A3A1756003C02F2 /* Frameworks */,
				E4B6FFFD0C3F9AB9008CF71C /* ShellScript */,
				E4C2427710CC5ABF004149E2 /* CopyFiles */,
				60E0A64017F4F9030024FBB4 /* Resources */,
			);
			buildRules = (
			);
			dependencies = (
				E4EEB9AC138B136A00A80321 /* PBXTargetDependency */,
			);
			name = OSCr;
			productName = myOFApp;
			productReference = E4B69B5B0A3A1756003C02F2 /* OSCrDebug.app */;
			productType = "com.apple.product-type.application";
		};
/* End PBXNativeTarget section */

/* Begin PBXProject section */
		E4B69B4C0A3A1720003C02F2 /* Project object */ = {
			isa = PBXProject;
			attributes = {
				LastUpgradeCheck = 0460;
			};
			buildConfigurationList = E4B69B4D0A3A1720003C02F2 /* Build configuration list for PBXProject "OSCr" */;
			compatibilityVersion = "Xcode 3.2";
			developmentRegion = English;
			hasScannedForEncodings = 0;
			knownRegions = (
				English,
				Japanese,
				French,
				German,
			);
			mainGroup = E4B69B4A0A3A1720003C02F2;
			productRefGroup = E4B69B4A0A3A1720003C02F2;
			projectDirPath = "";
			projectReferences = (
				{
					ProductGroup = E4328144138ABC890047C5CB /* Products */;
					ProjectRef = E4328143138ABC890047C5CB /* openFrameworksLib.xcodeproj */;
				},
			);
			projectRoot = "";
			targets = (
				E4B69B5A0A3A1756003C02F2 /* OSCr */,
			);
		};
/* End PBXProject section */

/* Begin PBXReferenceProxy section */
		E4328148138ABC890047C5CB /* openFrameworksDebug.a */ = {
			isa = PBXReferenceProxy;
			fileType = archive.ar;
			path = openFrameworksDebug.a;
			remoteRef = E4328147138ABC890047C5CB /* PBXContainerItemProxy */;
			sourceTree = BUILT_PRODUCTS_DIR;
		};
/* End PBXReferenceProxy section */

/* Begin PBXResourcesBuildPhase section */
		60E0A64017F4F9030024FBB4 /* Resources */ = {
			isa = PBXResourcesBuildPhase;
			buildActionMask = 2147483647;
			files = (
				60E0A64A17F502850024FBB4 /* rec.png in Resources */,
				60E0A64E17F508800024FBB4 /* settings.png in Resources */,
				60E0A64B17F502850024FBB4 /* save.png in Resources */,
				60E0A64117F4F9070024FBB4 /* MainMenu.xib in Resources */,
				60E0A64817F502850024FBB4 /* eject.png in Resources */,
				60E0A64917F502850024FBB4 /* play.png in Resources */,
				60E0A64C17F502850024FBB4 /* stop.png in Resources */,
			);
			runOnlyForDeploymentPostprocessing = 0;
		};
/* End PBXResourcesBuildPhase section */

/* Begin PBXShellScriptBuildPhase section */
		E4B6FFFD0C3F9AB9008CF71C /* ShellScript */ = {
			isa = PBXShellScriptBuildPhase;
			buildActionMask = 2147483647;
			files = (
			);
			inputPaths = (
			);
			outputPaths = (
			);
			runOnlyForDeploymentPostprocessing = 0;
			shellPath = /bin/sh;
			shellScript = "cp -f ../../../libs/fmodex/lib/osx/libfmodex.dylib \"$TARGET_BUILD_DIR/$PRODUCT_NAME.app/Contents/MacOS/libfmodex.dylib\"; install_name_tool -change ./libfmodex.dylib @executable_path/libfmodex.dylib \"$TARGET_BUILD_DIR/$PRODUCT_NAME.app/Contents/MacOS/$PRODUCT_NAME\";\nmkdir -p \"$TARGET_BUILD_DIR/$PRODUCT_NAME.app/Contents/Resources/\"\ncp -f \"$ICON_FILE\" \"$TARGET_BUILD_DIR/$PRODUCT_NAME.app/Contents/Resources/\"\n";
		};
/* End PBXShellScriptBuildPhase section */

/* Begin PBXSourcesBuildPhase section */
		E4B69B580A3A1756003C02F2 /* Sources */ = {
			isa = PBXSourcesBuildPhase;
			buildActionMask = 2147483647;
			files = (
				604A0BB217FBCF0800FCAFDC /* ofxOscSender.cpp in Sources */,
				604A0BA917FBCF0800FCAFDC /* UdpSocketWin.cpp in Sources */,
				60E0A53117F312120024FBB4 /* sqlite3.c in Sources */,
				604A0BAB17FBCF0800FCAFDC /* OscPrintReceivedElements.cpp in Sources */,
				60E0A5B817F4A71A0024FBB4 /* ofxIPPatcher.cpp in Sources */,
				604A0BA717FBCF0800FCAFDC /* UdpSocket.cpp in Sources */,
				60E0A63017F4F85F0024FBB4 /* ofxCocoaGLView.mm in Sources */,
				604A0BB117FBCF0800FCAFDC /* ofxOscReceiver.cpp in Sources */,
				604A0BAE17FBCF0800FCAFDC /* ofxOscBundle.cpp in Sources */,
				60E0A5B617F4A71A0024FBB4 /* ofxInteractivePrimitives.cpp in Sources */,
				60E0A55417F381760024FBB4 /* ofxMSATimer.cpp in Sources */,
				60E0A5CB17F4F80A0024FBB4 /* main.m in Sources */,
				604A0BAC17FBCF0800FCAFDC /* OscReceivedElements.cpp in Sources */,
				604A0BAF17FBCF0800FCAFDC /* ofxOscMessage.cpp in Sources */,
				604A0BA617FBCF0800FCAFDC /* NetworkingUtils.cpp in Sources */,
				604A0BB017FBCF0800FCAFDC /* ofxOscParameterSync.cpp in Sources */,
				604A0BA517FBCF0800FCAFDC /* IpEndpointName.cpp in Sources */,
				604A0BAA17FBCF0800FCAFDC /* OscOutboundPacketStream.cpp in Sources */,
				604A0BAD17FBCF0800FCAFDC /* OscTypes.cpp in Sources */,
				604A0BA817FBCF0800FCAFDC /* NetworkingUtilsWin.cpp in Sources */,
				60E0A5CA17F4F80A0024FBB4 /* AppDelegate.mm in Sources */,
			);
			runOnlyForDeploymentPostprocessing = 0;
		};
/* End PBXSourcesBuildPhase section */

/* Begin PBXTargetDependency section */
		E4EEB9AC138B136A00A80321 /* PBXTargetDependency */ = {
			isa = PBXTargetDependency;
			name = openFrameworks;
			targetProxy = E4EEB9AB138B136A00A80321 /* PBXContainerItemProxy */;
		};
/* End PBXTargetDependency section */

/* Begin XCBuildConfiguration section */
		E4B69B4E0A3A1720003C02F2 /* Debug */ = {
			isa = XCBuildConfiguration;
			baseConfigurationReference = E4EB6923138AFD0F00A09F29 /* Project.xcconfig */;
			buildSettings = {
				ARCHS = "$(NATIVE_ARCH)";
				CONFIGURATION_BUILD_DIR = "$(SRCROOT)/bin/";
				COPY_PHASE_STRIP = NO;
				DEAD_CODE_STRIPPING = YES;
				GCC_AUTO_VECTORIZATION = YES;
				GCC_ENABLE_SSE3_EXTENSIONS = YES;
				GCC_ENABLE_SUPPLEMENTAL_SSE3_INSTRUCTIONS = YES;
				GCC_INLINES_ARE_PRIVATE_EXTERN = NO;
				GCC_OPTIMIZATION_LEVEL = 0;
				GCC_SYMBOLS_PRIVATE_EXTERN = NO;
				GCC_WARN_ABOUT_DEPRECATED_FUNCTIONS = YES;
				GCC_WARN_ABOUT_INVALID_OFFSETOF_MACRO = NO;
				GCC_WARN_ALLOW_INCOMPLETE_PROTOCOL = NO;
				GCC_WARN_UNINITIALIZED_AUTOS = NO;
				GCC_WARN_UNUSED_VALUE = NO;
				GCC_WARN_UNUSED_VARIABLE = NO;
				MACOSX_DEPLOYMENT_TARGET = 10.6;
				OTHER_CPLUSPLUSFLAGS = (
					"-D__MACOSX_CORE__",
					"-lpthread",
					"-mtune=native",
				);
				SDKROOT = macosx;
			};
			name = Debug;
		};
		E4B69B4F0A3A1720003C02F2 /* Release */ = {
			isa = XCBuildConfiguration;
			baseConfigurationReference = E4EB6923138AFD0F00A09F29 /* Project.xcconfig */;
			buildSettings = {
				ARCHS = "$(NATIVE_ARCH)";
				CONFIGURATION_BUILD_DIR = "$(SRCROOT)/bin/";
				COPY_PHASE_STRIP = YES;
				DEAD_CODE_STRIPPING = YES;
				GCC_AUTO_VECTORIZATION = YES;
				GCC_ENABLE_SSE3_EXTENSIONS = YES;
				GCC_ENABLE_SUPPLEMENTAL_SSE3_INSTRUCTIONS = YES;
				GCC_INLINES_ARE_PRIVATE_EXTERN = NO;
				GCC_OPTIMIZATION_LEVEL = 3;
				GCC_SYMBOLS_PRIVATE_EXTERN = NO;
				GCC_UNROLL_LOOPS = YES;
				GCC_WARN_ABOUT_DEPRECATED_FUNCTIONS = YES;
				GCC_WARN_ABOUT_INVALID_OFFSETOF_MACRO = NO;
				GCC_WARN_ALLOW_INCOMPLETE_PROTOCOL = NO;
				GCC_WARN_UNINITIALIZED_AUTOS = NO;
				GCC_WARN_UNUSED_VALUE = NO;
				GCC_WARN_UNUSED_VARIABLE = NO;
				MACOSX_DEPLOYMENT_TARGET = 10.6;
				OTHER_CPLUSPLUSFLAGS = (
					"-D__MACOSX_CORE__",
					"-lpthread",
					"-mtune=native",
				);
				SDKROOT = macosx;
			};
			name = Release;
		};
		E4B69B600A3A1757003C02F2 /* Debug */ = {
			isa = XCBuildConfiguration;
			buildSettings = {
				COMBINE_HIDPI_IMAGES = YES;
				COPY_PHASE_STRIP = NO;
				FRAMEWORK_SEARCH_PATHS = (
					"$(inherited)",
					"$(FRAMEWORK_SEARCH_PATHS_QUOTED_FOR_TARGET_1)",
				);
				FRAMEWORK_SEARCH_PATHS_QUOTED_FOR_TARGET_1 = "\"$(SRCROOT)/../../../libs/glut/lib/osx\"";
				GCC_DYNAMIC_NO_PIC = NO;
				GCC_GENERATE_DEBUGGING_SYMBOLS = YES;
				GCC_MODEL_TUNING = NONE;
				ICON = "$(ICON_NAME_DEBUG)";
				ICON_FILE = "$(ICON_FILE_PATH)$(ICON)";
				INFOPLIST_FILE = "openFrameworks-Info.plist";
				INSTALL_PATH = "$(HOME)/Applications";
				LIBRARY_SEARCH_PATHS = (
					"$(inherited)",
					"$(LIBRARY_SEARCH_PATHS_QUOTED_FOR_TARGET_1)",
					"$(LIBRARY_SEARCH_PATHS_QUOTED_FOR_TARGET_2)",
					"$(LIBRARY_SEARCH_PATHS_QUOTED_FOR_TARGET_3)",
					"$(LIBRARY_SEARCH_PATHS_QUOTED_FOR_TARGET_4)",
					"$(LIBRARY_SEARCH_PATHS_QUOTED_FOR_TARGET_5)",
					"$(LIBRARY_SEARCH_PATHS_QUOTED_FOR_TARGET_6)",
					"$(LIBRARY_SEARCH_PATHS_QUOTED_FOR_TARGET_7)",
					"$(LIBRARY_SEARCH_PATHS_QUOTED_FOR_TARGET_8)",
					"$(LIBRARY_SEARCH_PATHS_QUOTED_FOR_TARGET_9)",
					"$(LIBRARY_SEARCH_PATHS_QUOTED_FOR_TARGET_10)",
					"$(LIBRARY_SEARCH_PATHS_QUOTED_FOR_TARGET_11)",
					"$(LIBRARY_SEARCH_PATHS_QUOTED_FOR_TARGET_12)",
					"$(LIBRARY_SEARCH_PATHS_QUOTED_FOR_TARGET_13)",
					"$(LIBRARY_SEARCH_PATHS_QUOTED_FOR_TARGET_14)",
					"$(LIBRARY_SEARCH_PATHS_QUOTED_FOR_TARGET_15)",
					"$(LIBRARY_SEARCH_PATHS_QUOTED_FOR_TARGET_2)",
					"$(LIBRARY_SEARCH_PATHS_QUOTED_FOR_TARGET_3)",
					"$(LIBRARY_SEARCH_PATHS_QUOTED_FOR_TARGET_7)",
					"$(LIBRARY_SEARCH_PATHS_QUOTED_FOR_TARGET_8)",
					"$(LIBRARY_SEARCH_PATHS_QUOTED_FOR_TARGET_9)",
					"$(LIBRARY_SEARCH_PATHS_QUOTED_FOR_TARGET_10)",
					"$(LIBRARY_SEARCH_PATHS_QUOTED_FOR_TARGET_11)",
					"$(LIBRARY_SEARCH_PATHS_QUOTED_FOR_TARGET_12)",
					"$(LIBRARY_SEARCH_PATHS_QUOTED_FOR_TARGET_13)",
					"$(LIBRARY_SEARCH_PATHS_QUOTED_FOR_TARGET_16)",
					"$(LIBRARY_SEARCH_PATHS_QUOTED_FOR_TARGET_17)",
					"$(LIBRARY_SEARCH_PATHS_QUOTED_FOR_TARGET_18)",
					"$(LIBRARY_SEARCH_PATHS_QUOTED_FOR_TARGET_19)",
					"$(LIBRARY_SEARCH_PATHS_QUOTED_FOR_TARGET_20)",
					"$(LIBRARY_SEARCH_PATHS_QUOTED_FOR_TARGET_21)",
					"$(LIBRARY_SEARCH_PATHS_QUOTED_FOR_TARGET_22)",
					"$(LIBRARY_SEARCH_PATHS_QUOTED_FOR_TARGET_23)",
					"$(LIBRARY_SEARCH_PATHS_QUOTED_FOR_TARGET_24)",
					"$(LIBRARY_SEARCH_PATHS_QUOTED_FOR_TARGET_25)",
					"$(LIBRARY_SEARCH_PATHS_QUOTED_FOR_TARGET_26)",
					"$(LIBRARY_SEARCH_PATHS_QUOTED_FOR_TARGET_27)",
					"$(LIBRARY_SEARCH_PATHS_QUOTED_FOR_TARGET_28)",
					"$(LIBRARY_SEARCH_PATHS_QUOTED_FOR_TARGET_29)",
					"$(LIBRARY_SEARCH_PATHS_QUOTED_FOR_TARGET_30)",
					"$(LIBRARY_SEARCH_PATHS_QUOTED_FOR_TARGET_31)",
					"$(LIBRARY_SEARCH_PATHS_QUOTED_FOR_TARGET_32)",
					"$(LIBRARY_SEARCH_PATHS_QUOTED_FOR_TARGET_33)",
					"$(LIBRARY_SEARCH_PATHS_QUOTED_FOR_TARGET_34)",
					"$(LIBRARY_SEARCH_PATHS_QUOTED_FOR_TARGET_35)",
					"$(LIBRARY_SEARCH_PATHS_QUOTED_FOR_TARGET_36)",
					"$(LIBRARY_SEARCH_PATHS_QUOTED_FOR_TARGET_37)",
					"$(LIBRARY_SEARCH_PATHS_QUOTED_FOR_TARGET_38)",
					"$(LIBRARY_SEARCH_PATHS_QUOTED_FOR_TARGET_39)",
					"$(LIBRARY_SEARCH_PATHS_QUOTED_FOR_TARGET_40)",
					"$(LIBRARY_SEARCH_PATHS_QUOTED_FOR_TARGET_41)",
					"$(LIBRARY_SEARCH_PATHS_QUOTED_FOR_TARGET_42)",
					"$(LIBRARY_SEARCH_PATHS_QUOTED_FOR_TARGET_43)",
					"$(LIBRARY_SEARCH_PATHS_QUOTED_FOR_TARGET_44)",
					"$(LIBRARY_SEARCH_PATHS_QUOTED_FOR_TARGET_45)",
					"$(LIBRARY_SEARCH_PATHS_QUOTED_FOR_TARGET_46)",
					"$(LIBRARY_SEARCH_PATHS_QUOTED_FOR_TARGET_47)",
					"$(LIBRARY_SEARCH_PATHS_QUOTED_FOR_TARGET_48)",
					"$(LIBRARY_SEARCH_PATHS_QUOTED_FOR_TARGET_49)",
					"$(LIBRARY_SEARCH_PATHS_QUOTED_FOR_TARGET_50)",
					"$(LIBRARY_SEARCH_PATHS_QUOTED_FOR_TARGET_51)",
					"$(LIBRARY_SEARCH_PATHS_QUOTED_FOR_TARGET_52)",
				);
				PRODUCT_NAME = OSCrDebug;
				WRAPPER_EXTENSION = app;
			};
			name = Debug;
		};
		E4B69B610A3A1757003C02F2 /* Release */ = {
			isa = XCBuildConfiguration;
			buildSettings = {
				COMBINE_HIDPI_IMAGES = YES;
				COPY_PHASE_STRIP = YES;
				FRAMEWORK_SEARCH_PATHS = (
					"$(inherited)",
					"$(FRAMEWORK_SEARCH_PATHS_QUOTED_FOR_TARGET_1)",
				);
				FRAMEWORK_SEARCH_PATHS_QUOTED_FOR_TARGET_1 = "\"$(SRCROOT)/../../../libs/glut/lib/osx\"";
				GCC_GENERATE_DEBUGGING_SYMBOLS = YES;
				GCC_MODEL_TUNING = NONE;
				ICON = "$(ICON_NAME_RELEASE)";
				ICON_FILE = "$(ICON_FILE_PATH)$(ICON)";
				INFOPLIST_FILE = "openFrameworks-Info.plist";
				INSTALL_PATH = "$(HOME)/Applications";
				LIBRARY_SEARCH_PATHS = (
					"$(inherited)",
					"$(LIBRARY_SEARCH_PATHS_QUOTED_FOR_TARGET_1)",
					"$(LIBRARY_SEARCH_PATHS_QUOTED_FOR_TARGET_2)",
					"$(LIBRARY_SEARCH_PATHS_QUOTED_FOR_TARGET_3)",
					"$(LIBRARY_SEARCH_PATHS_QUOTED_FOR_TARGET_4)",
					"$(LIBRARY_SEARCH_PATHS_QUOTED_FOR_TARGET_5)",
					"$(LIBRARY_SEARCH_PATHS_QUOTED_FOR_TARGET_6)",
					"$(LIBRARY_SEARCH_PATHS_QUOTED_FOR_TARGET_7)",
					"$(LIBRARY_SEARCH_PATHS_QUOTED_FOR_TARGET_8)",
					"$(LIBRARY_SEARCH_PATHS_QUOTED_FOR_TARGET_9)",
					"$(LIBRARY_SEARCH_PATHS_QUOTED_FOR_TARGET_10)",
					"$(LIBRARY_SEARCH_PATHS_QUOTED_FOR_TARGET_11)",
					"$(LIBRARY_SEARCH_PATHS_QUOTED_FOR_TARGET_12)",
					"$(LIBRARY_SEARCH_PATHS_QUOTED_FOR_TARGET_13)",
					"$(LIBRARY_SEARCH_PATHS_QUOTED_FOR_TARGET_14)",
					"$(LIBRARY_SEARCH_PATHS_QUOTED_FOR_TARGET_15)",
					"$(LIBRARY_SEARCH_PATHS_QUOTED_FOR_TARGET_2)",
					"$(LIBRARY_SEARCH_PATHS_QUOTED_1)",
					"$(LIBRARY_SEARCH_PATHS_QUOTED_FOR_TARGET_3)",
					"$(LIBRARY_SEARCH_PATHS_QUOTED_FOR_TARGET_7)",
					"$(LIBRARY_SEARCH_PATHS_QUOTED_FOR_TARGET_8)",
					"$(LIBRARY_SEARCH_PATHS_QUOTED_FOR_TARGET_9)",
					"$(LIBRARY_SEARCH_PATHS_QUOTED_FOR_TARGET_10)",
					"$(LIBRARY_SEARCH_PATHS_QUOTED_FOR_TARGET_11)",
					"$(LIBRARY_SEARCH_PATHS_QUOTED_FOR_TARGET_12)",
					"$(LIBRARY_SEARCH_PATHS_QUOTED_FOR_TARGET_13)",
					"$(LIBRARY_SEARCH_PATHS_QUOTED_FOR_TARGET_16)",
					"$(LIBRARY_SEARCH_PATHS_QUOTED_FOR_TARGET_17)",
					"$(LIBRARY_SEARCH_PATHS_QUOTED_FOR_TARGET_18)",
					"$(LIBRARY_SEARCH_PATHS_QUOTED_FOR_TARGET_19)",
					"$(LIBRARY_SEARCH_PATHS_QUOTED_FOR_TARGET_20)",
					"$(LIBRARY_SEARCH_PATHS_QUOTED_FOR_TARGET_21)",
					"$(LIBRARY_SEARCH_PATHS_QUOTED_FOR_TARGET_22)",
					"$(LIBRARY_SEARCH_PATHS_QUOTED_FOR_TARGET_23)",
					"$(LIBRARY_SEARCH_PATHS_QUOTED_FOR_TARGET_24)",
					"$(LIBRARY_SEARCH_PATHS_QUOTED_FOR_TARGET_25)",
					"$(LIBRARY_SEARCH_PATHS_QUOTED_FOR_TARGET_26)",
					"$(LIBRARY_SEARCH_PATHS_QUOTED_FOR_TARGET_27)",
					"$(LIBRARY_SEARCH_PATHS_QUOTED_FOR_TARGET_28)",
					"$(LIBRARY_SEARCH_PATHS_QUOTED_FOR_TARGET_29)",
					"$(LIBRARY_SEARCH_PATHS_QUOTED_FOR_TARGET_30)",
					"$(LIBRARY_SEARCH_PATHS_QUOTED_FOR_TARGET_31)",
					"$(LIBRARY_SEARCH_PATHS_QUOTED_FOR_TARGET_32)",
					"$(LIBRARY_SEARCH_PATHS_QUOTED_FOR_TARGET_33)",
					"$(LIBRARY_SEARCH_PATHS_QUOTED_FOR_TARGET_34)",
					"$(LIBRARY_SEARCH_PATHS_QUOTED_FOR_TARGET_35)",
					"$(LIBRARY_SEARCH_PATHS_QUOTED_FOR_TARGET_36)",
					"$(LIBRARY_SEARCH_PATHS_QUOTED_FOR_TARGET_37)",
					"$(LIBRARY_SEARCH_PATHS_QUOTED_FOR_TARGET_38)",
					"$(LIBRARY_SEARCH_PATHS_QUOTED_FOR_TARGET_39)",
					"$(LIBRARY_SEARCH_PATHS_QUOTED_FOR_TARGET_40)",
					"$(LIBRARY_SEARCH_PATHS_QUOTED_FOR_TARGET_41)",
					"$(LIBRARY_SEARCH_PATHS_QUOTED_FOR_TARGET_42)",
					"$(LIBRARY_SEARCH_PATHS_QUOTED_FOR_TARGET_43)",
					"$(LIBRARY_SEARCH_PATHS_QUOTED_FOR_TARGET_44)",
					"$(LIBRARY_SEARCH_PATHS_QUOTED_FOR_TARGET_45)",
					"$(LIBRARY_SEARCH_PATHS_QUOTED_FOR_TARGET_46)",
					"$(LIBRARY_SEARCH_PATHS_QUOTED_FOR_TARGET_47)",
					"$(LIBRARY_SEARCH_PATHS_QUOTED_FOR_TARGET_48)",
					"$(LIBRARY_SEARCH_PATHS_QUOTED_FOR_TARGET_49)",
					"$(LIBRARY_SEARCH_PATHS_QUOTED_FOR_TARGET_50)",
					"$(LIBRARY_SEARCH_PATHS_QUOTED_FOR_TARGET_51)",
				);
				PRODUCT_NAME = OSCr;
				WRAPPER_EXTENSION = app;
			};
			name = Release;
		};
/* End XCBuildConfiguration section */

/* Begin XCConfigurationList section */
		E4B69B4D0A3A1720003C02F2 /* Build configuration list for PBXProject "OSCr" */ = {
			isa = XCConfigurationList;
			buildConfigurations = (
				E4B69B4E0A3A1720003C02F2 /* Debug */,
				E4B69B4F0A3A1720003C02F2 /* Release */,
			);
			defaultConfigurationIsVisible = 0;
			defaultConfigurationName = Release;
		};
		E4B69B5F0A3A1757003C02F2 /* Build configuration list for PBXNativeTarget "OSCr" */ = {
			isa = XCConfigurationList;
			buildConfigurations = (
				E4B69B600A3A1757003C02F2 /* Debug */,
				E4B69B610A3A1757003C02F2 /* Release */,
			);
			defaultConfigurationIsVisible = 0;
			defaultConfigurationName = Release;
		};
/* End XCConfigurationList section */
	};
	rootObject = E4B69B4C0A3A1720003C02F2 /* Project object */;
}
